
Microsoft Visual Studio Solution File, Format Version 12.00
Project("{FAE04EC0-301F-11D3-BF4B-00C04F79EFBC}") = "Filament", "Filament\Filament.csproj", "{8CE66565-3A35-45F8-94B2-E0D79E6BD0ED}"
EndProject
Project("{FAE04EC0-301F-11D3-BF4B-00C04F79EFBC}") = "RenderTarget", "Samples\RenderTarget\RenderTarget.csproj", "{26E9EDC9-82B6-45AA-B445-A7B93587C102}"
EndProject
Project("{2150E333-8FDC-42A3-9474-1A3956D46DE8}") = "Samples", "Samples", "{51AA9DF1-A375-45D5-AF19-ED733EB5CE9D}"
EndProject
Project("{FAE04EC0-301F-11D3-BF4B-00C04F79EFBC}") = "StrobeColor", "Samples\StrobeColor\StrobeColor.csproj", "{0D3D5FEB-35FB-490F-9C4F-A5C38C0DA100}"
EndProject
Project("{FAE04EC0-301F-11D3-BF4B-00C04F79EFBC}") = "Suzanne", "Samples\Suzanne\Suzanne.csproj", "{2192DEB9-E3D9-46E7-9F0C-8CBC8120797F}"
EndProject
Project("{FAE04EC0-301F-11D3-BF4B-00C04F79EFBC}") = "TexturedQuad", "Samples\TexturedQuad\TexturedQuad.csproj", "{94795CCF-9E4F-426B-A3E6-81FEC1C73A1A}"
EndProject
Project("{FAE04EC0-301F-11D3-BF4B-00C04F79EFBC}") = "VboTest", "Samples\VboTest\VboTest.csproj", "{66C7D7D0-D2E4-4EE7-9011-68E57985D507}"
EndProject
Project("{FAE04EC0-301F-11D3-BF4B-00C04F79EFBC}") = "ViewTest", "Samples\ViewTest\ViewTest.csproj", "{9B7CD310-B20A-4236-955A-CDBAAB5AFB1A}"
EndProject
Project("{FAE04EC0-301F-11D3-BF4B-00C04F79EFBC}") = "Filament.SampleApp", "Samples\Filament.SampleApp\Filament.SampleApp.csproj", "{C35980C8-E73F-4896-BCE7-B9AE7F95F48A}"
EndProject
Project("{FAE04EC0-301F-11D3-BF4B-00C04F79EFBC}") = "Filament.SampleData", "Samples\Filament.SampleData\Filament.SampleData.csproj", "{B5264A8D-8BDA-42ED-BDD7-E0F2A25704BE}"
EndProject
Project("{FAE04EC0-301F-11D3-BF4B-00C04F79EFBC}") = "PointSprites", "Samples\PointSprites\PointSprites.csproj", "{C8671C26-C3BB-477F-ABE8-B27AE000468A}"
EndProject
Project("{FAE04EC0-301F-11D3-BF4B-00C04F79EFBC}") = "HelloTriangle", "Samples\HelloTriangle\HelloTriangle.csproj", "{B607402E-2724-45EF-80E1-0C2CBBC3B8A5}"
EndProject
Project("{FAE04EC0-301F-11D3-BF4B-00C04F79EFBC}") = "HelloPBR", "Samples\HelloPBR\HelloPBR.csproj", "{D4020AEE-1AE5-467F-9636-386754871D93}"
EndProject
Project("{FAE04EC0-301F-11D3-BF4B-00C04F79EFBC}") = "Filament.Native", "Filament.Native\Filament.Native.csproj", "{5A335B7F-D5CD-46CC-98BC-AE96D82EA797}"
EndProject
Global
	GlobalSection(SolutionConfigurationPlatforms) = preSolution
		Debug|Any CPU = Debug|Any CPU
		Release|Any CPU = Release|Any CPU
	EndGlobalSection
	GlobalSection(ProjectConfigurationPlatforms) = postSolution
		{8CE66565-3A35-45F8-94B2-E0D79E6BD0ED}.Debug|Any CPU.ActiveCfg = Debug|Any CPU
		{8CE66565-3A35-45F8-94B2-E0D79E6BD0ED}.Debug|Any CPU.Build.0 = Debug|Any CPU
		{8CE66565-3A35-45F8-94B2-E0D79E6BD0ED}.Release|Any CPU.ActiveCfg = Release|Any CPU
		{8CE66565-3A35-45F8-94B2-E0D79E6BD0ED}.Release|Any CPU.Build.0 = Release|Any CPU
		{26E9EDC9-82B6-45AA-B445-A7B93587C102}.Debug|Any CPU.ActiveCfg = Debug|Any CPU
		{26E9EDC9-82B6-45AA-B445-A7B93587C102}.Debug|Any CPU.Build.0 = Debug|Any CPU
		{26E9EDC9-82B6-45AA-B445-A7B93587C102}.Release|Any CPU.ActiveCfg = Release|Any CPU
		{26E9EDC9-82B6-45AA-B445-A7B93587C102}.Release|Any CPU.Build.0 = Release|Any CPU
		{0D3D5FEB-35FB-490F-9C4F-A5C38C0DA100}.Debug|Any CPU.ActiveCfg = Debug|Any CPU
		{0D3D5FEB-35FB-490F-9C4F-A5C38C0DA100}.Debug|Any CPU.Build.0 = Debug|Any CPU
		{0D3D5FEB-35FB-490F-9C4F-A5C38C0DA100}.Release|Any CPU.ActiveCfg = Release|Any CPU
		{0D3D5FEB-35FB-490F-9C4F-A5C38C0DA100}.Release|Any CPU.Build.0 = Release|Any CPU
		{2192DEB9-E3D9-46E7-9F0C-8CBC8120797F}.Debug|Any CPU.ActiveCfg = Debug|Any CPU
		{2192DEB9-E3D9-46E7-9F0C-8CBC8120797F}.Debug|Any CPU.Build.0 = Debug|Any CPU
		{2192DEB9-E3D9-46E7-9F0C-8CBC8120797F}.Release|Any CPU.ActiveCfg = Release|Any CPU
		{2192DEB9-E3D9-46E7-9F0C-8CBC8120797F}.Release|Any CPU.Build.0 = Release|Any CPU
		{94795CCF-9E4F-426B-A3E6-81FEC1C73A1A}.Debug|Any CPU.ActiveCfg = Debug|Any CPU
		{94795CCF-9E4F-426B-A3E6-81FEC1C73A1A}.Debug|Any CPU.Build.0 = Debug|Any CPU
		{94795CCF-9E4F-426B-A3E6-81FEC1C73A1A}.Release|Any CPU.ActiveCfg = Release|Any CPU
		{94795CCF-9E4F-426B-A3E6-81FEC1C73A1A}.Release|Any CPU.Build.0 = Release|Any CPU
		{66C7D7D0-D2E4-4EE7-9011-68E57985D507}.Debug|Any CPU.ActiveCfg = Debug|Any CPU
		{66C7D7D0-D2E4-4EE7-9011-68E57985D507}.Debug|Any CPU.Build.0 = Debug|Any CPU
		{66C7D7D0-D2E4-4EE7-9011-68E57985D507}.Release|Any CPU.ActiveCfg = Release|Any CPU
		{66C7D7D0-D2E4-4EE7-9011-68E57985D507}.Release|Any CPU.Build.0 = Release|Any CPU
		{9B7CD310-B20A-4236-955A-CDBAAB5AFB1A}.Debug|Any CPU.ActiveCfg = Debug|Any CPU
		{9B7CD310-B20A-4236-955A-CDBAAB5AFB1A}.Debug|Any CPU.Build.0 = Debug|Any CPU
		{9B7CD310-B20A-4236-955A-CDBAAB5AFB1A}.Release|Any CPU.ActiveCfg = Release|Any CPU
		{9B7CD310-B20A-4236-955A-CDBAAB5AFB1A}.Release|Any CPU.Build.0 = Release|Any CPU
		{C35980C8-E73F-4896-BCE7-B9AE7F95F48A}.Debug|Any CPU.ActiveCfg = Debug|Any CPU
		{C35980C8-E73F-4896-BCE7-B9AE7F95F48A}.Debug|Any CPU.Build.0 = Debug|Any CPU
		{C35980C8-E73F-4896-BCE7-B9AE7F95F48A}.Release|Any CPU.ActiveCfg = Release|Any CPU
		{C35980C8-E73F-4896-BCE7-B9AE7F95F48A}.Release|Any CPU.Build.0 = Release|Any CPU
		{B5264A8D-8BDA-42ED-BDD7-E0F2A25704BE}.Debug|Any CPU.ActiveCfg = Debug|Any CPU
		{B5264A8D-8BDA-42ED-BDD7-E0F2A25704BE}.Debug|Any CPU.Build.0 = Debug|Any CPU
		{B5264A8D-8BDA-42ED-BDD7-E0F2A25704BE}.Release|Any CPU.ActiveCfg = Release|Any CPU
		{B5264A8D-8BDA-42ED-BDD7-E0F2A25704BE}.Release|Any CPU.Build.0 = Release|Any CPU
		{C8671C26-C3BB-477F-ABE8-B27AE000468A}.Debug|Any CPU.ActiveCfg = Debug|Any CPU
		{C8671C26-C3BB-477F-ABE8-B27AE000468A}.Debug|Any CPU.Build.0 = Debug|Any CPU
		{C8671C26-C3BB-477F-ABE8-B27AE000468A}.Release|Any CPU.ActiveCfg = Release|Any CPU
		{C8671C26-C3BB-477F-ABE8-B27AE000468A}.Release|Any CPU.Build.0 = Release|Any CPU
		{B607402E-2724-45EF-80E1-0C2CBBC3B8A5}.Debug|Any CPU.ActiveCfg = Debug|Any CPU
		{B607402E-2724-45EF-80E1-0C2CBBC3B8A5}.Debug|Any CPU.Build.0 = Debug|Any CPU
		{B607402E-2724-45EF-80E1-0C2CBBC3B8A5}.Release|Any CPU.ActiveCfg = Release|Any CPU
		{B607402E-2724-45EF-80E1-0C2CBBC3B8A5}.Release|Any CPU.Build.0 = Release|Any CPU
		{D4020AEE-1AE5-467F-9636-386754871D93}.Debug|Any CPU.ActiveCfg = Debug|Any CPU
		{D4020AEE-1AE5-467F-9636-386754871D93}.Debug|Any CPU.Build.0 = Debug|Any CPU
		{D4020AEE-1AE5-467F-9636-386754871D93}.Release|Any CPU.ActiveCfg = Release|Any CPU
		{D4020AEE-1AE5-467F-9636-386754871D93}.Release|Any CPU.Build.0 = Release|Any CPU
		{5A335B7F-D5CD-46CC-98BC-AE96D82EA797}.Debug|Any CPU.ActiveCfg = Debug|Any CPU
		{5A335B7F-D5CD-46CC-98BC-AE96D82EA797}.Debug|Any CPU.Build.0 = Debug|Any CPU
		{5A335B7F-D5CD-46CC-98BC-AE96D82EA797}.Release|Any CPU.ActiveCfg = Release|Any CPU
		{5A335B7F-D5CD-46CC-98BC-AE96D82EA797}.Release|Any CPU.Build.0 = Release|Any CPU
	EndGlobalSection
	GlobalSection(NestedProjects) = preSolution
		{26E9EDC9-82B6-45AA-B445-A7B93587C102} = {51AA9DF1-A375-45D5-AF19-ED733EB5CE9D}
		{0D3D5FEB-35FB-490F-9C4F-A5C38C0DA100} = {51AA9DF1-A375-45D5-AF19-ED733EB5CE9D}
		{2192DEB9-E3D9-46E7-9F0C-8CBC8120797F} = {51AA9DF1-A375-45D5-AF19-ED733EB5CE9D}
		{94795CCF-9E4F-426B-A3E6-81FEC1C73A1A} = {51AA9DF1-A375-45D5-AF19-ED733EB5CE9D}
		{66C7D7D0-D2E4-4EE7-9011-68E57985D507} = {51AA9DF1-A375-45D5-AF19-ED733EB5CE9D}
		{9B7CD310-B20A-4236-955A-CDBAAB5AFB1A} = {51AA9DF1-A375-45D5-AF19-ED733EB5CE9D}
		{C35980C8-E73F-4896-BCE7-B9AE7F95F48A} = {51AA9DF1-A375-45D5-AF19-ED733EB5CE9D}
		{B5264A8D-8BDA-42ED-BDD7-E0F2A25704BE} = {51AA9DF1-A375-45D5-AF19-ED733EB5CE9D}
		{C8671C26-C3BB-477F-ABE8-B27AE000468A} = {51AA9DF1-A375-45D5-AF19-ED733EB5CE9D}
		{B607402E-2724-45EF-80E1-0C2CBBC3B8A5} = {51AA9DF1-A375-45D5-AF19-ED733EB5CE9D}
		{D4020AEE-1AE5-467F-9636-386754871D93} = {51AA9DF1-A375-45D5-AF19-ED733EB5CE9D}
	EndGlobalSection
EndGlobal
